PODS:
  - Agora_Chat_iOS (1.0.6)
  - agora_class (0.0.1):
    - Agora_Chat_iOS (= 1.0.6)
    - AgoraClassroomSDK_iOS (= 2.8.0)
    - AgoraEduCore (= 2.8.0)
    - AgoraEduUI (= 2.8.0)
    - AgoraMediaPlayer_iOS (= 1.3.0)
    - AgoraRtcEngine_iOS/RtcBasic (= 3.6.2)
    - AgoraRtm_iOS (= 1.4.8)
    - AgoraUIBaseViews (= 2.8.0)
    - AgoraWidget (= 2.8.0)
    - AgoraWidgets (= 2.8.0)
    - AliyunOSSiOS (= 2.10.8)
    - Armin (= 1.1.0)
    - CocoaLumberjack (= 3.6.1)
    - Flutter
    - Masonry (= 1.1.0)
    - Protobuf (= 3.17.0)
    - SDWebImage (= 5.12.0)
    - SSZipArchive (= 2.4.2)
    - SwifterSwift (= 5.2.0)
    - Whiteboard (= 2.16.39)
  - AgoraClassroomSDK_iOS (2.8.0):
    - AgoraEduCore (>= 2.8.0)
    - AgoraEduUI (>= 2.8.0)
    - AgoraWidget (>= 2.8.0)
    - AgoraWidgets (>= 2.8.0)
  - AgoraEduCore (2.8.0):
    - AgoraLog (>= 1.0.2)
    - AgoraWidget (>= 2.8.0)
    - AliyunOSSiOS
    - Armin (>= 1.1.0)
    - Protobuf
    - SSZipArchive
    - YYModel
  - AgoraEduUI (2.8.0):
    - AgoraEduCore (>= 2.8.0)
    - AgoraEduUI/Resources (= 2.8.0)
    - AgoraUIBaseViews (>= 2.8.0)
    - AgoraWidget (>= 2.8.0)
    - Masonry
    - SwifterSwift
  - AgoraEduUI/Resources (2.8.0):
    - AgoraEduCore (>= 2.8.0)
    - AgoraUIBaseViews (>= 2.8.0)
    - AgoraWidget (>= 2.8.0)
    - Masonry
    - SwifterSwift
  - AgoraLog (1.0.2):
    - CocoaLumberjack (~> 3.6.1)
  - AgoraMediaPlayer_iOS (1.3.0)
  - AgoraRtcEngine_iOS/RtcBasic (3.6.2)
  - AgoraRtm_iOS (1.4.8)
  - AgoraUIBaseViews (2.8.0)
  - AgoraWidget (2.8.0):
    - AgoraUIBaseViews (>= 2.8.0)
  - AgoraWidgets (2.8.0):
    - Agora_Chat_iOS (= 1.0.6)
    - AgoraLog (= 1.0.2)
    - AgoraUIBaseViews (>= 2.8.0)
    - AgoraWidget (>= 2.8.0)
    - AgoraWidgets/Resources (= 2.8.0)
    - Armin (>= 1.1.0)
    - Masonry
    - SDWebImage (<= 5.12.0)
    - SwifterSwift
    - Whiteboard
  - AgoraWidgets/Resources (2.8.0):
    - Agora_Chat_iOS (= 1.0.6)
    - AgoraLog (= 1.0.2)
    - AgoraUIBaseViews (>= 2.8.0)
    - AgoraWidget (>= 2.8.0)
    - Armin (>= 1.1.0)
    - Masonry
    - SDWebImage (<= 5.12.0)
    - SwifterSwift
    - Whiteboard
  - AliyunOSSiOS (2.10.8)
  - Armin (1.1.0)
  - CocoaLumberjack (3.6.1):
    - CocoaLumberjack/Core (= 3.6.1)
  - CocoaLumberjack/Core (3.6.1)
  - Flutter (1.0.0)
  - Masonry (1.1.0)
  - NTLBridge (3.1.5)
  - Protobuf (3.17.0)
  - SDWebImage (5.12.0):
    - SDWebImage/Core (= 5.12.0)
  - SDWebImage/Core (5.12.0)
  - SSZipArchive (2.4.2)
  - SwifterSwift (5.2.0):
    - SwifterSwift/AppKit (= 5.2.0)
    - SwifterSwift/CoreAnimation (= 5.2.0)
    - SwifterSwift/CoreGraphics (= 5.2.0)
    - SwifterSwift/CoreLocation (= 5.2.0)
    - SwifterSwift/Dispatch (= 5.2.0)
    - SwifterSwift/Foundation (= 5.2.0)
    - SwifterSwift/MapKit (= 5.2.0)
    - SwifterSwift/SceneKit (= 5.2.0)
    - SwifterSwift/SpriteKit (= 5.2.0)
    - SwifterSwift/StoreKit (= 5.2.0)
    - SwifterSwift/SwiftStdlib (= 5.2.0)
    - SwifterSwift/UIKit (= 5.2.0)
  - SwifterSwift/AppKit (5.2.0)
  - SwifterSwift/CoreAnimation (5.2.0)
  - SwifterSwift/CoreGraphics (5.2.0)
  - SwifterSwift/CoreLocation (5.2.0)
  - SwifterSwift/Dispatch (5.2.0)
  - SwifterSwift/Foundation (5.2.0)
  - SwifterSwift/MapKit (5.2.0)
  - SwifterSwift/SceneKit (5.2.0)
  - SwifterSwift/SpriteKit (5.2.0)
  - SwifterSwift/StoreKit (5.2.0)
  - SwifterSwift/SwiftStdlib (5.2.0)
  - SwifterSwift/UIKit (5.2.0)
  - Whiteboard (2.16.39):
    - Whiteboard/Whiteboard-YYModel (= 2.16.39)
  - Whiteboard/Base (2.16.39):
    - NTLBridge (~> 3.1.4)
    - Whiteboard/Object
  - Whiteboard/Converter (2.16.39):
    - Whiteboard/Object
  - Whiteboard/Model (2.16.39):
    - YYModel
  - Whiteboard/NativeReplayer (2.16.39):
    - Whiteboard/Replayer
  - Whiteboard/Object (2.16.39):
    - Whiteboard/Model
  - Whiteboard/Replayer (2.16.39):
    - Whiteboard/Base
  - Whiteboard/Resource (2.16.39)
  - Whiteboard/Room (2.16.39):
    - Whiteboard/Base
  - Whiteboard/Whiteboard-YYModel (2.16.39):
    - Whiteboard/Converter
    - Whiteboard/NativeReplayer
    - Whiteboard/Resource
    - Whiteboard/Room
  - YYModel (1.0.4)

DEPENDENCIES:
  - agora_class (from `.symlinks/plugins/agora_class/ios`)
  - Flutter (from `Flutter`)

SPEC REPOS:
  trunk:
    - Agora_Chat_iOS
    - AgoraClassroomSDK_iOS
    - AgoraEduCore
    - AgoraEduUI
    - AgoraLog
    - AgoraMediaPlayer_iOS
    - AgoraRtcEngine_iOS
    - AgoraRtm_iOS
    - AgoraUIBaseViews
    - AgoraWidget
    - AgoraWidgets
    - AliyunOSSiOS
    - Armin
    - CocoaLumberjack
    - Masonry
    - NTLBridge
    - Protobuf
    - SDWebImage
    - SSZipArchive
    - SwifterSwift
    - Whiteboard
    - YYModel

EXTERNAL SOURCES:
  agora_class:
    :path: ".symlinks/plugins/agora_class/ios"
  Flutter:
    :path: Flutter

SPEC CHECKSUMS:
  Agora_Chat_iOS: bb8729aa457fad51d7c8a4494a748c219a61b334
  agora_class: 7f073d4f04f71c0e2b924bfe572a3a988208c2d3
  AgoraClassroomSDK_iOS: dd1eb6c8ebe50c71e52a3a442e678d2aff8b808b
  AgoraEduCore: 13daf9619695dc3e316cbecfae111f345012386e
  AgoraEduUI: c00f4275a470c171fb3e130647eb59505dd1348b
  AgoraLog: b0eb6ed816b29e411dc14dc2171fe5912a8a141f
  AgoraMediaPlayer_iOS: d7fa2e61080e59f700a27061da1853ae18cf93fc
  AgoraRtcEngine_iOS: 5bf5d2bb6669a6f3606716a02f3fb3ac58708f25
  AgoraRtm_iOS: 382a54763803dad098d3b31a2608ccd62972e00b
  AgoraUIBaseViews: b2bfaefd298e2482438da69696706e1414e56a2e
  AgoraWidget: 11d7df44fa63df1eec3b05a0edc87f626de9a55e
  AgoraWidgets: 37780ddcb16022f4ec7d0a44f5aad44e16ff509a
  AliyunOSSiOS: 8db92936545593b9e5c66d680ef2ac0738946651
  Armin: f60b2c592379d4f03cf2b46fb9ad7d25135ff0a8
  CocoaLumberjack: b17ae15142558d08bbacf69775fa10c4abbebcc9
  Flutter: f04841e97a9d0b0a8025694d0796dd46242b2854
  Masonry: 678fab65091a9290e40e2832a55e7ab731aad201
  NTLBridge: e94dc18242476b0238c10213a5438d9b9a59fcce
  Protobuf: 7327d4444215b5f18e560a97f879ff5503c4581c
  SDWebImage: 4ea20cca2986adc5aacde07aa686742fd4c67a37
  SSZipArchive: e7b4f3d9e780c2acc1764cd88fbf2de28f26e5b2
  SwifterSwift: 334181863c416882d97b7a60c05054d9e4d799e2
  Whiteboard: 4622f3866b7c35a9c757955619ba0a2b26d968f5
  YYModel: 2a7fdd96aaa4b86a824e26d0c517de8928c04b30

PODFILE CHECKSUM: ef19549a9bc3046e7bb7d2fab4d021637c0c58a3

COCOAPODS: 1.11.3
